
Microsoft Visual Studio Solution File, Format Version 12.00
# Visual Studio Version 16
VisualStudioVersion = 16.0.29519.87
MinimumVisualStudioVersion = 10.0.40219.1
Project("{FAE04EC0-301F-11D3-BF4B-00C04F79EFBC}") = "СlosingRightProcesses", "СlosingRightProcesses.csproj", "{A6EF755C-1445-4582-8792-BE879A8856C2}"
EndProject
Global
	GlobalSection(SolutionConfigurationPlatforms) = preSolution
		Debug|Any CPU = Debug|Any CPU
		Release|Any CPU = Release|Any CPU
	EndGlobalSection
	GlobalSection(ProjectConfigurationPlatforms) = postSolution
		{A6EF755C-1445-4582-8792-BE879A8856C2}.Debug|Any CPU.ActiveCfg = Debug|Any CPU
		{A6EF755C-1445-4582-8792-BE879A8856C2}.Debug|Any CPU.Build.0 = Debug|Any CPU
		{A6EF755C-1445-4582-8792-BE879A8856C2}.Release|Any CPU.ActiveCfg = Release|Any CPU
		{A6EF755C-1445-4582-8792-BE879A8856C2}.Release|Any CPU.Build.0 = Release|Any CPU
	EndGlobalSection
	GlobalSection(SolutionProperties) = preSolution
		HideSolutionNode = FALSE
	EndGlobalSection
	GlobalSection(ExtensibilityGlobals) = postSolution
		SolutionGuid = {A05D15E2-DB73-4E41-90D3-9095D51FE0D0}
	EndGlobalSection
EndGlobal
